{
    "_readme": [
        "This file locks the dependencies of your project to a known state",
        "Read more about it at https://getcomposer.org/doc/01-basic-usage.md#installing-dependencies",
        "This file is @generated automatically"
    ],
    "content-hash": "be88c0ad290f1571a96022454950c348",
    "packages": [
        {
            "name": "rybakit/msgpack",
            "version": "v0.5.4",
            "source": {
                "type": "git",
                "url": "https://github.com/rybakit/msgpack.php.git",
                "reference": "4e393dfd64b244814432c774661c6d54bdacee62"
            },
            "dist": {
                "type": "zip",
                "url": "https://api.github.com/repos/rybakit/msgpack.php/zipball/4e393dfd64b244814432c774661c6d54bdacee62",
                "reference": "4e393dfd64b244814432c774661c6d54bdacee62",
                "shasum": ""
            },
            "require": {
                "php": "^7.1.1"
            },
            "require-dev": {
                "friendsofphp/php-cs-fixer": "^2.13",
                "phpunit/phpunit": "^7.1"
            },
            "type": "library",
            "autoload": {
                "psr-4": {
                    "MessagePack\\": "src/"
                }
            },
            "notification-url": "https://packagist.org/downloads/",
            "license": [
                "MIT"
            ],
            "authors": [
                {
                    "name": "Eugene Leonovich",
                    "email": "gen.work@gmail.com"
                }
            ],
            "description": "A pure PHP implementation of the MessagePack serialization format.",
            "keywords": [
                "messagepack",
                "msgpack",
                "pure",
                "streaming"
            ],
            "time": "2019-01-01T22:07:02+00:00"
        },
        {
            "name": "tarantool/client",
            "version": "v0.5.1",
            "source": {
                "type": "git",
                "url": "https://github.com/tarantool-php/client.git",
                "reference": "0bf217593b362d99c375b81fefdb4d7548a4311c"
            },
            "dist": {
                "type": "zip",
                "url": "https://api.github.com/repos/tarantool-php/client/zipball/0bf217593b362d99c375b81fefdb4d7548a4311c",
                "reference": "0bf217593b362d99c375b81fefdb4d7548a4311c",
                "shasum": ""
            },
            "require": {
                "php": "^7.1"
            },
            "require-dev": {
                "ext-json": "*",
                "ext-msgpack": "*",
                "ext-sockets": "*",
                "friendsofphp/php-cs-fixer": "^2.14",
                "monolog/monolog": "^1.24",
                "phpunit/phpunit": "^7.1",
                "psr/log": "^1.1",
                "rybakit/msgpack": "^0.5.4"
            },
            "suggest": {
                "ext-msgpack": "For using Pecl packer",
                "psr/log": "For using LoggingMiddleware",
                "rybakit/msgpack": "For using Pure packer (version 0.5.1 and above is required)"
            },
            "type": "library",
            "autoload": {
                "psr-4": {
                    "Tarantool\\Client\\": "src/"
                }
            },
            "notification-url": "https://packagist.org/downloads/",
            "license": [
                "MIT"
            ],
            "authors": [
                {
                    "name": "Eugene Leonovich",
                    "email": "gen.work@gmail.com"
                }
            ],
            "description": "PHP client for Tarantool.",
            "keywords": [
                "client",
                "nosql",
                "pure",
                "tarantool"
            ],
            "time": "2019-05-22T17:51:15+00:00"
        },
        {
            "name": "tarantool/queue",
            "version": "v0.8.0",
            "source": {
                "type": "git",
                "url": "https://github.com/tarantool-php/queue.git",
                "reference": "d98e2c9b35ede33e65beb9ec5c2fff7d5d0967f4"
            },
            "dist": {
                "type": "zip",
                "url": "https://api.github.com/repos/tarantool-php/queue/zipball/d98e2c9b35ede33e65beb9ec5c2fff7d5d0967f4",
                "reference": "d98e2c9b35ede33e65beb9ec5c2fff7d5d0967f4",
                "shasum": ""
            },
            "require": {
                "php": "^7.1"
            },
            "require-dev": {
                "friendsofphp/php-cs-fixer": "^2.14",
                "phpunit/phpunit": "^7.4",
                "rybakit/msgpack": "^0.5.4",
                "tarantool/client": "^0.5.0"
            },
            "suggest": {
                "ext-tarantool": "For using pecl extension",
                "tarantool/client": "For using pure client"
            },
            "type": "library",
            "autoload": {
                "psr-4": {
                    "Tarantool\\Queue\\": "src/"
                }
            },
            "notification-url": "https://packagist.org/downloads/",
            "license": [
                "MIT"
            ],
            "authors": [
                {
                    "name": "Eugene Leonovich",
                    "email": "gen.work@gmail.com"
                }
            ],
            "description": "PHP bindings for Tarantool Queue.",
            "keywords": [
                "delayed",
                "job",
                "nosql",
                "priority",
                "queue",
                "schedule",
                "tarantool",
                "task",
                "ttl",
                "ttr",
                "worker"
            ],
            "time": "2019-05-18T15:49:58+00:00"
        }
    ],
    "packages-dev": [],
    "aliases": [],
    "minimum-stability": "stable",
    "stability-flags": [],
    "prefer-stable": false,
    "prefer-lowest": false,
    "platform": [],
    "platform-dev": []
}
